
Microsoft Visual Studio Solution File, Format Version 12.00
# Visual Studio Version 17
VisualStudioVersion = 17.14.36408.4 d17.14
MinimumVisualStudioVersion = 10.0.40219.1
Project("{FAE04EC0-301F-11D3-BF4B-00C04F79EFBC}") = "Construction", "Construction\Construction.csproj", "{5419945C-0A7E-4ABC-A1EA-8CB1E63703DA}"
EndProject
Project("{FAE04EC0-301F-11D3-BF4B-00C04F79EFBC}") = "Construction.Models", "Construction.Models\Construction.Models.csproj", "{C7C58597-7BE7-4950-B665-EAF8EA85D3BF}"
EndProject
Project("{FAE04EC0-301F-11D3-BF4B-00C04F79EFBC}") = "Construction.Service", "Construction.Service\Construction.Service.csproj", "{35FD0A6E-EB80-47AB-A46E-CD7224ADED1C}"
EndProject
Global
	GlobalSection(SolutionConfigurationPlatforms) = preSolution
		Debug|Any CPU = Debug|Any CPU
		Release|Any CPU = Release|Any CPU
	EndGlobalSection
	GlobalSection(ProjectConfigurationPlatforms) = postSolution
		{5419945C-0A7E-4ABC-A1EA-8CB1E63703DA}.Debug|Any CPU.ActiveCfg = Debug|Any CPU
		{5419945C-0A7E-4ABC-A1EA-8CB1E63703DA}.Debug|Any CPU.Build.0 = Debug|Any CPU
		{5419945C-0A7E-4ABC-A1EA-8CB1E63703DA}.Release|Any CPU.ActiveCfg = Release|Any CPU
		{5419945C-0A7E-4ABC-A1EA-8CB1E63703DA}.Release|Any CPU.Build.0 = Release|Any CPU
		{C7C58597-7BE7-4950-B665-EAF8EA85D3BF}.Debug|Any CPU.ActiveCfg = Debug|Any CPU
		{C7C58597-7BE7-4950-B665-EAF8EA85D3BF}.Debug|Any CPU.Build.0 = Debug|Any CPU
		{C7C58597-7BE7-4950-B665-EAF8EA85D3BF}.Release|Any CPU.ActiveCfg = Release|Any CPU
		{C7C58597-7BE7-4950-B665-EAF8EA85D3BF}.Release|Any CPU.Build.0 = Release|Any CPU
		{35FD0A6E-EB80-47AB-A46E-CD7224ADED1C}.Debug|Any CPU.ActiveCfg = Debug|Any CPU
		{35FD0A6E-EB80-47AB-A46E-CD7224ADED1C}.Debug|Any CPU.Build.0 = Debug|Any CPU
		{35FD0A6E-EB80-47AB-A46E-CD7224ADED1C}.Release|Any CPU.ActiveCfg = Release|Any CPU
		{35FD0A6E-EB80-47AB-A46E-CD7224ADED1C}.Release|Any CPU.Build.0 = Release|Any CPU
	EndGlobalSection
	GlobalSection(SolutionProperties) = preSolution
		HideSolutionNode = FALSE
	EndGlobalSection
	GlobalSection(ExtensibilityGlobals) = postSolution
		SolutionGuid = {5A3DEE18-A421-4D3F-89BA-D4204A3D8E4E}
	EndGlobalSection
EndGlobal
